
Microsoft Visual Studio Solution File, Format Version 12.00
# Visual Studio Version 17
VisualStudioVersion = 17.2.32526.322
MinimumVisualStudioVersion = 10.0.40219.1
Project("{FAE04EC0-301F-11D3-BF4B-00C04F79EFBC}") = "automat", "automat\automat.csproj", "{5E412228-E746-4E61-8747-4E320449F858}"
EndProject
Global
	GlobalSection(SolutionConfigurationPlatforms) = preSolution
		Debug|Any CPU = Debug|Any CPU
		Release|Any CPU = Release|Any CPU
	EndGlobalSection
	GlobalSection(ProjectConfigurationPlatforms) = postSolution
		{5E412228-E746-4E61-8747-4E320449F858}.Debug|Any CPU.ActiveCfg = Debug|Any CPU
		{5E412228-E746-4E61-8747-4E320449F858}.Debug|Any CPU.Build.0 = Debug|Any CPU
		{5E412228-E746-4E61-8747-4E320449F858}.Release|Any CPU.ActiveCfg = Release|Any CPU
		{5E412228-E746-4E61-8747-4E320449F858}.Release|Any CPU.Build.0 = Release|Any CPU
	EndGlobalSection
	GlobalSection(SolutionProperties) = preSolution
		HideSolutionNode = FALSE
	EndGlobalSection
	GlobalSection(ExtensibilityGlobals) = postSolution
		SolutionGuid = {834FD860-2DBF-43C4-A582-CD2759647E50}
	EndGlobalSection
EndGlobal
